// !$*UTF8*$!
{
	archiveVersion = 1;
	classes = {
	};
	objectVersion = 56;
	objects = {

/* Begin PBXBuildFile section */
		142421392AD1E1EE00A5F5E6 /* BasketballFantasyApp.swift in Sources */ = {isa = PBXBuildFile; fileRef = 142421382AD1E1EE00A5F5E6 /* BasketballFantasyApp.swift */; };
		1424213B2AD1E1EE00A5F5E6 /* ContentView.swift in Sources */ = {isa = PBXBuildFile; fileRef = 1424213A2AD1E1EE00A5F5E6 /* ContentView.swift */; };
		1424213D2AD1E1F000A5F5E6 /* Assets.xcassets in Resources */ = {isa = PBXBuildFile; fileRef = 1424213C2AD1E1F000A5F5E6 /* Assets.xcassets */; };
		142421402AD1E1F000A5F5E6 /* Preview Assets.xcassets in Resources */ = {isa = PBXBuildFile; fileRef = 1424213F2AD1E1F000A5F5E6 /* Preview Assets.xcassets */; };
		1424214A2AD1E1F100A5F5E6 /* BasketballFantasyTests.swift in Sources */ = {isa = PBXBuildFile; fileRef = 142421492AD1E1F100A5F5E6 /* BasketballFantasyTests.swift */; };
		142421542AD1E1F100A5F5E6 /* BasketballFantasyUITests.swift in Sources */ = {isa = PBXBuildFile; fileRef = 142421532AD1E1F100A5F5E6 /* BasketballFantasyUITests.swift */; };
		142421562AD1E1F100A5F5E6 /* BasketballFantasyUITestsLaunchTests.swift in Sources */ = {isa = PBXBuildFile; fileRef = 142421552AD1E1F100A5F5E6 /* BasketballFantasyUITestsLaunchTests.swift */; };
/* End PBXBuildFile section */

/* Begin PBXContainerItemProxy section */
		142421462AD1E1F100A5F5E6 /* PBXContainerItemProxy */ = {
			isa = PBXContainerItemProxy;
			containerPortal = 1424212D2AD1E1EE00A5F5E6 /* Project object */;
			proxyType = 1;
			remoteGlobalIDString = 142421342AD1E1EE00A5F5E6;
			remoteInfo = BasketballFantasy;
		};
		142421502AD1E1F100A5F5E6 /* PBXContainerItemProxy */ = {
			isa = PBXContainerItemProxy;
			containerPortal = 1424212D2AD1E1EE00A5F5E6 /* Project object */;
			proxyType = 1;
			remoteGlobalIDString = 142421342AD1E1EE00A5F5E6;
			remoteInfo = BasketballFantasy;
		};
/* End PBXContainerItemProxy section */

/* Begin PBXFileReference section */
		142421352AD1E1EE00A5F5E6 /* BasketballFantasy.app */ = {isa = PBXFileReference; explicitFileType = wrapper.application; includeInIndex = 0; path = BasketballFantasy.app; sourceTree = BUILT_PRODUCTS_DIR; };
		142421382AD1E1EE00A5F5E6 /* BasketballFantasyApp.swift */ = {isa = PBXFileReference; lastKnownFileType = sourcecode.swift; path = BasketballFantasyApp.swift; sourceTree = "<group>"; };
		1424213A2AD1E1EE00A5F5E6 /* ContentView.swift */ = {isa = PBXFileReference; lastKnownFileType = sourcecode.swift; path = ContentView.swift; sourceTree = "<group>"; };
		1424213C2AD1E1F000A5F5E6 /* Assets.xcassets */ = {isa = PBXFileReference; lastKnownFileType = folder.assetcatalog; path = Assets.xcassets; sourceTree = "<group>"; };
		1424213F2AD1E1F000A5F5E6 /* Preview Assets.xcassets */ = {isa = PBXFileReference; lastKnownFileType = folder.assetcatalog; path = "Preview Assets.xcassets"; sourceTree = "<group>"; };
		142421452AD1E1F100A5F5E6 /* BasketballFantasyTests.xctest */ = {isa = PBXFileReference; explicitFileType = wrapper.cfbundle; includeInIndex = 0; path = BasketballFantasyTests.xctest; sourceTree = BUILT_PRODUCTS_DIR; };
		142421492AD1E1F100A5F5E6 /* BasketballFantasyTests.swift */ = {isa = PBXFileReference; lastKnownFileType = sourcecode.swift; path = BasketballFantasyTests.swift; sourceTree = "<group>"; };
		1424214F2AD1E1F100A5F5E6 /* BasketballFantasyUITests.xctest */ = {isa = PBXFileReference; explicitFileType = wrapper.cfbundle; includeInIndex = 0; path = BasketballFantasyUITests.xctest; sourceTree = BUILT_PRODUCTS_DIR; };
		142421532AD1E1F100A5F5E6 /* BasketballFantasyUITests.swift */ = {isa = PBXFileReference; lastKnownFileType = sourcecode.swift; path = BasketballFantasyUITests.swift; sourceTree = "<group>"; };
		142421552AD1E1F100A5F5E6 /* BasketballFantasyUITestsLaunchTests.swift */ = {isa = PBXFileReference; lastKnownFileType = sourcecode.swift; path = BasketballFantasyUITestsLaunchTests.swift; sourceTree = "<group>"; };
/* End PBXFileReference section */

/* Begin PBXFrameworksBuildPhase section */
		142421322AD1E1EE00A5F5E6 /* Frameworks */ = {
			isa = PBXFrameworksBuildPhase;
			buildActionMask = 2147483647;
			files = (
			);
			runOnlyForDeploymentPostprocessing = 0;
		};
		142421422AD1E1F100A5F5E6 /* Frameworks */ = {
			isa = PBXFrameworksBuildPhase;
			buildActionMask = 2147483647;
			files = (
			);
			runOnlyForDeploymentPostprocessing = 0;
		};
		1424214C2AD1E1F100A5F5E6 /* Frameworks */ = {
			isa = PBXFrameworksBuildPhase;
			buildActionMask = 2147483647;
			files = (
			);
			runOnlyForDeploymentPostprocessing = 0;
		};
/* End PBXFrameworksBuildPhase section */

/* Begin PBXGroup section */
		1424212C2AD1E1EE00A5F5E6 = {
			isa = PBXGroup;
			children = (
				142421372AD1E1EE00A5F5E6 /* BasketballFantasy */,
				142421482AD1E1F100A5F5E6 /* BasketballFantasyTests */,
				142421522AD1E1F100A5F5E6 /* BasketballFantasyUITests */,
				142421362AD1E1EE00A5F5E6 /* Products */,
			);
			sourceTree = "<group>";
		};
		142421362AD1E1EE00A5F5E6 /* Products */ = {
			isa = PBXGroup;
			children = (
				142421352AD1E1EE00A5F5E6 /* BasketballFantasy.app */,
				142421452AD1E1F100A5F5E6 /* BasketballFantasyTests.xctest */,
				1424214F2AD1E1F100A5F5E6 /* BasketballFantasyUITests.xctest */,
			);
			name = Products;
			sourceTree = "<group>";
		};
		142421372AD1E1EE00A5F5E6 /* BasketballFantasy */ = {
			isa = PBXGroup;
			children = (
				142421382AD1E1EE00A5F5E6 /* BasketballFantasyApp.swift */,
				1424213A2AD1E1EE00A5F5E6 /* ContentView.swift */,
				1424213C2AD1E1F000A5F5E6 /* Assets.xcassets */,
				1424213E2AD1E1F000A5F5E6 /* Preview Content */,
			);
			path = BasketballFantasy;
			sourceTree = "<group>";
		};
		1424213E2AD1E1F000A5F5E6 /* Preview Content */ = {
			isa = PBXGroup;
			children = (
				1424213F2AD1E1F000A5F5E6 /* Preview Assets.xcassets */,
			);
			path = "Preview Content";
			sourceTree = "<group>";
		};
		142421482AD1E1F100A5F5E6 /* BasketballFantasyTests */ = {
			isa = PBXGroup;
			children = (
				142421492AD1E1F100A5F5E6 /* BasketballFantasyTests.swift */,
			);
			path = BasketballFantasyTests;
			sourceTree = "<group>";
		};
		142421522AD1E1F100A5F5E6 /* BasketballFantasyUITests */ = {
			isa = PBXGroup;
			children = (
				142421532AD1E1F100A5F5E6 /* BasketballFantasyUITests.swift */,
				142421552AD1E1F100A5F5E6 /* BasketballFantasyUITestsLaunchTests.swift */,
			);
			path = BasketballFantasyUITests;
			sourceTree = "<group>";
		};
/* End PBXGroup section */

/* Begin PBXNativeTarget section */
		142421342AD1E1EE00A5F5E6 /* BasketballFantasy */ = {
			isa = PBXNativeTarget;
			buildConfigurationList = 142421592AD1E1F100A5F5E6 /* Build configuration list for PBXNativeTarget "BasketballFantasy" */;
			buildPhases = (
				142421312AD1E1EE00A5F5E6 /* Sources */,
				142421322AD1E1EE00A5F5E6 /* Frameworks */,
				142421332AD1E1EE00A5F5E6 /* Resources */,
			);
			buildRules = (
			);
			dependencies = (
			);
			name = BasketballFantasy;
			productName = BasketballFantasy;
			productReference = 142421352AD1E1EE00A5F5E6 /* BasketballFantasy.app */;
			productType = "com.apple.product-type.application";
		};
		142421442AD1E1F100A5F5E6 /* BasketballFantasyTests */ = {
			isa = PBXNativeTarget;
			buildConfigurationList = 1424215C2AD1E1F100A5F5E6 /* Build configuration list for PBXNativeTarget "BasketballFantasyTests" */;
			buildPhases = (
				142421412AD1E1F100A5F5E6 /* Sources */,
				142421422AD1E1F100A5F5E6 /* Frameworks */,
				142421432AD1E1F100A5F5E6 /* Resources */,
			);
			buildRules = (
			);
			dependencies = (
				142421472AD1E1F100A5F5E6 /* PBXTargetDependency */,
			);
			name = BasketballFantasyTests;
			productName = BasketballFantasyTests;
			productReference = 142421452AD1E1F100A5F5E6 /* BasketballFantasyTests.xctest */;
			productType = "com.apple.product-type.bundle.unit-test";
		};
		1424214E2AD1E1F100A5F5E6 /* BasketballFantasyUITests */ = {
			isa = PBXNativeTarget;
			buildConfigurationList = 1424215F2AD1E1F100A5F5E6 /* Build configuration list for PBXNativeTarget "BasketballFantasyUITests" */;
			buildPhases = (
				1424214B2AD1E1F100A5F5E6 /* Sources */,
				1424214C2AD1E1F100A5F5E6 /* Frameworks */,
				1424214D2AD1E1F100A5F5E6 /* Resources */,
			);
			buildRules = (
			);
			dependencies = (
				142421512AD1E1F100A5F5E6 /* PBXTargetDependency */,
			);
			name = BasketballFantasyUITests;
			productName = BasketballFantasyUITests;
			productReference = 1424214F2AD1E1F100A5F5E6 /* BasketballFantasyUITests.xctest */;
			productType = "com.apple.product-type.bundle.ui-testing";
		};
/* End PBXNativeTarget section */

/* Begin PBXProject section */
		1424212D2AD1E1EE00A5F5E6 /* Project object */ = {
			isa = PBXProject;
			attributes = {
				BuildIndependentTargetsInParallel = 1;
				LastSwiftUpdateCheck = 1500;
				LastUpgradeCheck = 1500;
				TargetAttributes = {
					142421342AD1E1EE00A5F5E6 = {
						CreatedOnToolsVersion = 15.0;
					};
					142421442AD1E1F100A5F5E6 = {
						CreatedOnToolsVersion = 15.0;
						TestTargetID = 142421342AD1E1EE00A5F5E6;
					};
					1424214E2AD1E1F100A5F5E6 = {
						CreatedOnToolsVersion = 15.0;
						TestTargetID = 142421342AD1E1EE00A5F5E6;
					};
				};
			};
			buildConfigurationList = 142421302AD1E1EE00A5F5E6 /* Build configuration list for PBXProject "BasketballFantasy" */;
			compatibilityVersion = "Xcode 14.0";
			developmentRegion = en;
			hasScannedForEncodings = 0;
			knownRegions = (
				en,
				Base,
			);
			mainGroup = 1424212C2AD1E1EE00A5F5E6;
			productRefGroup = 142421362AD1E1EE00A5F5E6 /* Products */;
			projectDirPath = "";
			projectRoot = "";
			targets = (
				142421342AD1E1EE00A5F5E6 /* BasketballFantasy */,
				142421442AD1E1F100A5F5E6 /* BasketballFantasyTests */,
				1424214E2AD1E1F100A5F5E6 /* BasketballFantasyUITests */,
			);
		};
/* End PBXProject section */

/* Begin PBXResourcesBuildPhase section */
		142421332AD1E1EE00A5F5E6 /* Resources */ = {
			isa = PBXResourcesBuildPhase;
			buildActionMask = 2147483647;
			files = (
				142421402AD1E1F000A5F5E6 /* Preview Assets.xcassets in Resources */,
				1424213D2AD1E1F000A5F5E6 /* Assets.xcassets in Resources */,
			);
			runOnlyForDeploymentPostprocessing = 0;
		};
		142421432AD1E1F100A5F5E6 /* Resources */ = {
			isa = PBXResourcesBuildPhase;
			buildActionMask = 2147483647;
			files = (
			);
			runOnlyForDeploymentPostprocessing = 0;
		};
		1424214D2AD1E1F100A5F5E6 /* Resources */ = {
			isa = PBXResourcesBuildPhase;
			buildActionMask = 2147483647;
			files = (
			);
			runOnlyForDeploymentPostprocessing = 0;
		};
/* End PBXResourcesBuildPhase section */

/* Begin PBXSourcesBuildPhase section */
		142421312AD1E1EE00A5F5E6 /* Sources */ = {
			isa = PBXSourcesBuildPhase;
			buildActionMask = 2147483647;
			files = (
				1424213B2AD1E1EE00A5F5E6 /* ContentView.swift in Sources */,
				142421392AD1E1EE00A5F5E6 /* BasketballFantasyApp.swift in Sources */,
			);
			runOnlyForDeploymentPostprocessing = 0;
		};
		142421412AD1E1F100A5F5E6 /* Sources */ = {
			isa = PBXSourcesBuildPhase;
			buildActionMask = 2147483647;
			files = (
				1424214A2AD1E1F100A5F5E6 /* BasketballFantasyTests.swift in Sources */,
			);
			runOnlyForDeploymentPostprocessing = 0;
		};
		1424214B2AD1E1F100A5F5E6 /* Sources */ = {
			isa = PBXSourcesBuildPhase;
			buildActionMask = 2147483647;
			files = (
				142421562AD1E1F100A5F5E6 /* BasketballFantasyUITestsLaunchTests.swift in Sources */,
				142421542AD1E1F100A5F5E6 /* BasketballFantasyUITests.swift in Sources */,
			);
			runOnlyForDeploymentPostprocessing = 0;
		};
/* End PBXSourcesBuildPhase section */

/* Begin PBXTargetDependency section */
		142421472AD1E1F100A5F5E6 /* PBXTargetDependency */ = {
			isa = PBXTargetDependency;
			target = 142421342AD1E1EE00A5F5E6 /* BasketballFantasy */;
			targetProxy = 142421462AD1E1F100A5F5E6 /* PBXContainerItemProxy */;
		};
		142421512AD1E1F100A5F5E6 /* PBXTargetDependency */ = {
			isa = PBXTargetDependency;
			target = 142421342AD1E1EE00A5F5E6 /* BasketballFantasy */;
			targetProxy = 142421502AD1E1F100A5F5E6 /* PBXContainerItemProxy */;
		};
/* End PBXTargetDependency section */

/* Begin XCBuildConfiguration section */
		142421572AD1E1F100A5F5E6 /* Debug */ = {
			isa = XCBuildConfiguration;
			buildSettings = {
				ALWAYS_SEARCH_USER_PATHS = NO;
				ASSETCATALOG_COMPILER_GENERATE_SWIFT_ASSET_SYMBOL_EXTENSIONS = YES;
				CLANG_ANALYZER_NONNULL = YES;
				CLANG_ANALYZER_NUMBER_OBJECT_CONVERSION = YES_AGGRESSIVE;
				CLANG_CXX_LANGUAGE_STANDARD = "gnu++20";
				CLANG_ENABLE_MODULES = YES;
				CLANG_ENABLE_OBJC_ARC = YES;
				CLANG_ENABLE_OBJC_WEAK = YES;
				CLANG_WARN_BLOCK_CAPTURE_AUTORELEASING = YES;
				CLANG_WARN_BOOL_CONVERSION = YES;
				CLANG_WARN_COMMA = YES;
				CLANG_WARN_CONSTANT_CONVERSION = YES;
				CLANG_WARN_DEPRECATED_OBJC_IMPLEMENTATIONS = YES;
				CLANG_WARN_DIRECT_OBJC_ISA_USAGE = YES_ERROR;
				CLANG_WARN_DOCUMENTATION_COMMENTS = YES;
				CLANG_WARN_EMPTY_BODY = YES;
				CLANG_WARN_ENUM_CONVERSION = YES;
				CLANG_WARN_INFINITE_RECURSION = YES;
				CLANG_WARN_INT_CONVERSION = YES;
				CLANG_WARN_NON_LITERAL_NULL_CONVERSION = YES;
				CLANG_WARN_OBJC_IMPLICIT_RETAIN_SELF = YES;
				CLANG_WARN_OBJC_LITERAL_CONVERSION = YES;
				CLANG_WARN_OBJC_ROOT_CLASS = YES_ERROR;
				CLANG_WARN_QUOTED_INCLUDE_IN_FRAMEWORK_HEADER = YES;
				CLANG_WARN_RANGE_LOOP_ANALYSIS = YES;
				CLANG_WARN_STRICT_PROTOTYPES = YES;
				CLANG_WARN_SUSPICIOUS_MOVE = YES;
				CLANG_WARN_UNGUARDED_AVAILABILITY = YES_AGGRESSIVE;
				CLANG_WARN_UNREACHABLE_CODE = YES;
				CLANG_WARN__DUPLICATE_METHOD_MATCH = YES;
				COPY_PHASE_STRIP = NO;
				DEBUG_INFORMATION_FORMAT = dwarf;
				ENABLE_STRICT_OBJC_MSGSEND = YES;
				ENABLE_TESTABILITY = YES;
				ENABLE_USER_SCRIPT_SANDBOXING = YES;
				GCC_C_LANGUAGE_STANDARD = gnu17;
				GCC_DYNAMIC_NO_PIC = NO;
				GCC_NO_COMMON_BLOCKS = YES;
				GCC_OPTIMIZATION_LEVEL = 0;
				GCC_PREPROCESSOR_DEFINITIONS = (
					"DEBUG=1",
					"$(inherited)",
				);
				GCC_WARN_64_TO_32_BIT_CONVERSION = YES;
				GCC_WARN_ABOUT_RETURN_TYPE = YES_ERROR;
				GCC_WARN_UNDECLARED_SELECTOR = YES;
				GCC_WARN_UNINITIALIZED_AUTOS = YES_AGGRESSIVE;
				GCC_WARN_UNUSED_FUNCTION = YES;
				GCC_WARN_UNUSED_VARIABLE = YES;
				IPHONEOS_DEPLOYMENT_TARGET = 17.0;
				LOCALIZATION_PREFERS_STRING_CATALOGS = YES;
				MTL_ENABLE_DEBUG_INFO = INCLUDE_SOURCE;
				MTL_FAST_MATH = YES;
				ONLY_ACTIVE_ARCH = YES;
				SDKROOT = iphoneos;
				SWIFT_ACTIVE_COMPILATION_CONDITIONS = "DEBUG $(inherited)";
				SWIFT_OPTIMIZATION_LEVEL = "-Onone";
			};
			name = Debug;
		};
		142421582AD1E1F100A5F5E6 /* Release */ = {
			isa = XCBuildConfiguration;
			buildSettings = {
				ALWAYS_SEARCH_USER_PATHS = NO;
				ASSETCATALOG_COMPILER_GENERATE_SWIFT_ASSET_SYMBOL_EXTENSIONS = YES;
				CLANG_ANALYZER_NONNULL = YES;
				CLANG_ANALYZER_NUMBER_OBJECT_CONVERSION = YES_AGGRESSIVE;
				CLANG_CXX_LANGUAGE_STANDARD = "gnu++20";
				CLANG_ENABLE_MODULES = YES;
				CLANG_ENABLE_OBJC_ARC = YES;
				CLANG_ENABLE_OBJC_WEAK = YES;
				CLANG_WARN_BLOCK_CAPTURE_AUTORELEASING = YES;
				CLANG_WARN_BOOL_CONVERSION = YES;
				CLANG_WARN_COMMA = YES;
				CLANG_WARN_CONSTANT_CONVERSION = YES;
				CLANG_WARN_DEPRECATED_OBJC_IMPLEMENTATIONS = YES;
				CLANG_WARN_DIRECT_OBJC_ISA_USAGE = YES_ERROR;
				CLANG_WARN_DOCUMENTATION_COMMENTS = YES;
				CLANG_WARN_EMPTY_BODY = YES;
				CLANG_WARN_ENUM_CONVERSION = YES;
				CLANG_WARN_INFINITE_RECURSION = YES;
				CLANG_WARN_INT_CONVERSION = YES;
				CLANG_WARN_NON_LITERAL_NULL_CONVERSION = YES;
				CLANG_WARN_OBJC_IMPLICIT_RETAIN_SELF = YES;
				CLANG_WARN_OBJC_LITERAL_CONVERSION = YES;
				CLANG_WARN_OBJC_ROOT_CLASS = YES_ERROR;
				CLANG_WARN_QUOTED_INCLUDE_IN_FRAMEWORK_HEADER = YES;
				CLANG_WARN_RANGE_LOOP_ANALYSIS = YES;
				CLANG_WARN_STRICT_PROTOTYPES = YES;
				CLANG_WARN_SUSPICIOUS_MOVE = YES;
				CLANG_WARN_UNGUARDED_AVAILABILITY = YES_AGGRESSIVE;
				CLANG_WARN_UNREACHABLE_CODE = YES;
				CLANG_WARN__DUPLICATE_METHOD_MATCH = YES;
				COPY_PHASE_STRIP = NO;
				DEBUG_INFORMATION_FORMAT = "dwarf-with-dsym";
				ENABLE_NS_ASSERTIONS = NO;
				ENABLE_STRICT_OBJC_MSGSEND = YES;
				ENABLE_USER_SCRIPT_SANDBOXING = YES;
				GCC_C_LANGUAGE_STANDARD = gnu17;
				GCC_NO_COMMON_BLOCKS = YES;
				GCC_WARN_64_TO_32_BIT_CONVERSION = YES;
				GCC_WARN_ABOUT_RETURN_TYPE = YES_ERROR;
				GCC_WARN_UNDECLARED_SELECTOR = YES;
				GCC_WARN_UNINITIALIZED_AUTOS = YES_AGGRESSIVE;
				GCC_WARN_UNUSED_FUNCTION = YES;
				GCC_WARN_UNUSED_VARIABLE = YES;
				IPHONEOS_DEPLOYMENT_TARGET = 17.0;
				LOCALIZATION_PREFERS_STRING_CATALOGS = YES;
				MTL_ENABLE_DEBUG_INFO = NO;
				MTL_FAST_MATH = YES;
				SDKROOT = iphoneos;
				SWIFT_COMPILATION_MODE = wholemodule;
				VALIDATE_PRODUCT = YES;
			};
			name = Release;
		};
		1424215A2AD1E1F100A5F5E6 /* Debug */ = {
			isa = XCBuildConfiguration;
			buildSettings = {
				ASSETCATALOG_COMPILER_APPICON_NAME = AppIcon;
				ASSETCATALOG_COMPILER_GLOBAL_ACCENT_COLOR_NAME = AccentColor;
				CODE_SIGN_STYLE = Automatic;
				CURRENT_PROJECT_VERSION = 1;
				DEVELOPMENT_ASSET_PATHS = "\"BasketballFantasy/Preview Content\"";
				DEVELOPMENT_TEAM = NMM9F9QK67;
				ENABLE_PREVIEWS = YES;
				GENERATE_INFOPLIST_FILE = YES;
				INFOPLIST_KEY_UIApplicationSceneManifest_Generation = YES;
				INFOPLIST_KEY_UIApplicationSupportsIndirectInputEvents = YES;
				INFOPLIST_KEY_UILaunchScreen_Generation = YES;
				INFOPLIST_KEY_UISupportedInterfaceOrientations_iPad = "UIInterfaceOrientationPortrait UIInterfaceOrientationPortraitUpsideDown UIInterfaceOrientationLandscapeLeft UIInterfaceOrientationLandscapeRight";
				INFOPLIST_KEY_UISupportedInterfaceOrientations_iPhone = "UIInterfaceOrientationPortrait UIInterfaceOrientationLandscapeLeft UIInterfaceOrientationLandscapeRight";
				IPHONEOS_DEPLOYMENT_TARGET = 15.0;
				LD_RUNPATH_SEARCH_PATHS = (
					"$(inherited)",
					"@executable_path/Frameworks",
				);
				MARKETING_VERSION = 1.0;
				PRODUCT_BUNDLE_IDENTIFIER = com.seven.basketball.fantasy.BasketballFantasy;
				PRODUCT_NAME = "$(TARGET_NAME)";
				SWIFT_EMIT_LOC_STRINGS = YES;
				SWIFT_VERSION = 5.0;
				TARGETED_DEVICE_FAMILY = "1,2";
			};
			name = Debug;
		};
		1424215B2AD1E1F100A5F5E6 /* Release */ = {
			isa = XCBuildConfiguration;
			buildSettings = {
				ASSETCATALOG_COMPILER_APPICON_NAME = AppIcon;
				ASSETCATALOG_COMPILER_GLOBAL_ACCENT_COLOR_NAME = AccentColor;
				CODE_SIGN_STYLE = Automatic;
				CURRENT_PROJECT_VERSION = 1;
				DEVELOPMENT_ASSET_PATHS = "\"BasketballFantasy/Preview Content\"";
				DEVELOPMENT_TEAM = NMM9F9QK67;
				ENABLE_PREVIEWS = YES;
				GENERATE_INFOPLIST_FILE = YES;
				INFOPLIST_KEY_UIApplicationSceneManifest_Generation = YES;
				INFOPLIST_KEY_UIApplicationSupportsIndirectInputEvents = YES;
				INFOPLIST_KEY_UILaunchScreen_Generation = YES;
				INFOPLIST_KEY_UISupportedInterfaceOrientations_iPad = "UIInterfaceOrientationPortrait UIInterfaceOrientationPortraitUpsideDown UIInterfaceOrientationLandscapeLeft UIInterfaceOrientationLandscapeRight";
				INFOPLIST_KEY_UISupportedInterfaceOrientations_iPhone = "UIInterfaceOrientationPortrait UIInterfaceOrientationLandscapeLeft UIInterfaceOrientationLandscapeRight";
				IPHONEOS_DEPLOYMENT_TARGET = 15.0;
				LD_RUNPATH_SEARCH_PATHS = (
					"$(inherited)",
					"@executable_path/Frameworks",
				);
				MARKETING_VERSION = 1.0;
				PRODUCT_BUNDLE_IDENTIFIER = com.seven.basketball.fantasy.BasketballFantasy;
				PRODUCT_NAME = "$(TARGET_NAME)";
				SWIFT_EMIT_LOC_STRINGS = YES;
				SWIFT_VERSION = 5.0;
				TARGETED_DEVICE_FAMILY = "1,2";
			};
			name = Release;
		};
		1424215D2AD1E1F100A5F5E6 /* Debug */ = {
			isa = XCBuildConfiguration;
			buildSettings = {
				ALWAYS_EMBED_SWIFT_STANDARD_LIBRARIES = YES;
				BUNDLE_LOADER = "$(TEST_HOST)";
				CODE_SIGN_STYLE = Automatic;
				CURRENT_PROJECT_VERSION = 1;
				DEVELOPMENT_TEAM = NMM9F9QK67;
				GENERATE_INFOPLIST_FILE = YES;
				IPHONEOS_DEPLOYMENT_TARGET = 17.0;
				MARKETING_VERSION = 1.0;
				PRODUCT_BUNDLE_IDENTIFIER = com.seven.basketball.fantasy.BasketballFantasyTests;
				PRODUCT_NAME = "$(TARGET_NAME)";
				SWIFT_EMIT_LOC_STRINGS = NO;
				SWIFT_VERSION = 5.0;
				TARGETED_DEVICE_FAMILY = "1,2";
				TEST_HOST = "$(BUILT_PRODUCTS_DIR)/BasketballFantasy.app/$(BUNDLE_EXECUTABLE_FOLDER_PATH)/BasketballFantasy";
			};
			name = Debug;
		};
		1424215E2AD1E1F100A5F5E6 /* Release */ = {
			isa = XCBuildConfiguration;
			buildSettings = {
				ALWAYS_EMBED_SWIFT_STANDARD_LIBRARIES = YES;
				BUNDLE_LOADER = "$(TEST_HOST)";
				CODE_SIGN_STYLE = Automatic;
				CURRENT_PROJECT_VERSION = 1;
				DEVELOPMENT_TEAM = NMM9F9QK67;
				GENERATE_INFOPLIST_FILE = YES;
				IPHONEOS_DEPLOYMENT_TARGET = 17.0;
				MARKETING_VERSION = 1.0;
				PRODUCT_BUNDLE_IDENTIFIER = com.seven.basketball.fantasy.BasketballFantasyTests;
				PRODUCT_NAME = "$(TARGET_NAME)";
				SWIFT_EMIT_LOC_STRINGS = NO;
				SWIFT_VERSION = 5.0;
				TARGETED_DEVICE_FAMILY = "1,2";
				TEST_HOST = "$(BUILT_PRODUCTS_DIR)/BasketballFantasy.app/$(BUNDLE_EXECUTABLE_FOLDER_PATH)/BasketballFantasy";
			};
			name = Release;
		};
		142421602AD1E1F100A5F5E6 /* Debug */ = {
			isa = XCBuildConfiguration;
			buildSettings = {
				ALWAYS_EMBED_SWIFT_STANDARD_LIBRARIES = YES;
				CODE_SIGN_STYLE = Automatic;
				CURRENT_PROJECT_VERSION = 1;
				DEVELOPMENT_TEAM = NMM9F9QK67;
				GENERATE_INFOPLIST_FILE = YES;
				MARKETING_VERSION = 1.0;
				PRODUCT_BUNDLE_IDENTIFIER = com.seven.basketball.fantasy.BasketballFantasyUITests;
				PRODUCT_NAME = "$(TARGET_NAME)";
				SWIFT_EMIT_LOC_STRINGS = NO;
				SWIFT_VERSION = 5.0;
				TARGETED_DEVICE_FAMILY = "1,2";
				TEST_TARGET_NAME = BasketballFantasy;
			};
			name = Debug;
		};
		142421612AD1E1F100A5F5E6 /* Release */ = {
			isa = XCBuildConfiguration;
			buildSettings = {
				ALWAYS_EMBED_SWIFT_STANDARD_LIBRARIES = YES;
				CODE_SIGN_STYLE = Automatic;
				CURRENT_PROJECT_VERSION = 1;
				DEVELOPMENT_TEAM = NMM9F9QK67;
				GENERATE_INFOPLIST_FILE = YES;
				MARKETING_VERSION = 1.0;
				PRODUCT_BUNDLE_IDENTIFIER = com.seven.basketball.fantasy.BasketballFantasyUITests;
				PRODUCT_NAME = "$(TARGET_NAME)";
				SWIFT_EMIT_LOC_STRINGS = NO;
				SWIFT_VERSION = 5.0;
				TARGETED_DEVICE_FAMILY = "1,2";
				TEST_TARGET_NAME = BasketballFantasy;
			};
			name = Release;
		};
/* End XCBuildConfiguration section */

/* Begin XCConfigurationList section */
		142421302AD1E1EE00A5F5E6 /* Build configuration list for PBXProject "BasketballFantasy" */ = {
			isa = XCConfigurationList;
			buildConfigurations = (
				142421572AD1E1F100A5F5E6 /* Debug */,
				142421582AD1E1F100A5F5E6 /* Release */,
			);
			defaultConfigurationIsVisible = 0;
			defaultConfigurationName = Release;
		};
		142421592AD1E1F100A5F5E6 /* Build configuration list for PBXNativeTarget "BasketballFantasy" */ = {
			isa = XCConfigurationList;
			buildConfigurations = (
				1424215A2AD1E1F100A5F5E6 /* Debug */,
				1424215B2AD1E1F100A5F5E6 /* Release */,
			);
			defaultConfigurationIsVisible = 0;
			defaultConfigurationName = Release;
		};
		1424215C2AD1E1F100A5F5E6 /* Build configuration list for PBXNativeTarget "BasketballFantasyTests" */ = {
			isa = XCConfigurationList;
			buildConfigurations = (
				1424215D2AD1E1F100A5F5E6 /* Debug */,
				1424215E2AD1E1F100A5F5E6 /* Release */,
			);
			defaultConfigurationIsVisible = 0;
			defaultConfigurationName = Release;
		};
		1424215F2AD1E1F100A5F5E6 /* Build configuration list for PBXNativeTarget "BasketballFantasyUITests" */ = {
			isa = XCConfigurationList;
			buildConfigurations = (
				142421602AD1E1F100A5F5E6 /* Debug */,
				142421612AD1E1F100A5F5E6 /* Release */,
			);
			defaultConfigurationIsVisible = 0;
			defaultConfigurationName = Release;
		};
/* End XCConfigurationList section */
	};
	rootObject = 1424212D2AD1E1EE00A5F5E6 /* Project object */;
}
